// !$*UTF8*$!
{
	archiveVersion = 1;
	classes = {
	};
	objectVersion = 54;
	objects = {

/* Begin PBXBuildFile section */
		00D400C3A2162F85B8DE9AAF /* WatchlistView.swift in Sources */ = {isa = PBXBuildFile; fileRef = 420F37138D9EA194590256B9 /* WatchlistView.swift */; };
		0929A720BDBCB1A0EC0B9804 /* LiveSearchService.swift in Sources */ = {isa = PBXBuildFile; fileRef = 03061AFA243E4429C924503B /* LiveSearchService.swift */; };
		1003BFBC4B6D91426EE2A8DD /* Bikes.swift in Sources */ = {isa = PBXBuildFile; fileRef = 070DD36ADADA647D522EC66B /* Bikes.swift */; };
		13CEA440DA35BFF0F427F346 /* BrandSystem.swift in Sources */ = {isa = PBXBuildFile; fileRef = 1601D1975848B92F50D54847 /* BrandSystem.swift */; };
		238AB2EBE4DC35B5E504D98D /* PublicCatalogSources.swift in Sources */ = {isa = PBXBuildFile; fileRef = D66BFFF3AB03CC766B6DA0F6 /* PublicCatalogSources.swift */; };
		2694611799DDBFAA6628FD25 /* Bike.swift in Sources */ = {isa = PBXBuildFile; fileRef = B4ABC49028EAB3DC318214D1 /* Bike.swift */; };
		29673111539BA895C8AAFE02 /* Formatting.swift in Sources */ = {isa = PBXBuildFile; fileRef = 6FB5AACA3DF1132B9ECEAABC /* Formatting.swift */; };
		2B34DDA7BAB636912BCA36F2 /* Theme.swift in Sources */ = {isa = PBXBuildFile; fileRef = 4BD9C64243A74CE515733DF8 /* Theme.swift */; };
		32DEA35AA4A1740FB50CADAC /* Quotes.swift in Sources */ = {isa = PBXBuildFile; fileRef = 918BE1159149A8D708F6684C /* Quotes.swift */; };
		3970AC4EC8A7A7030381BA90 /* CompareView.swift in Sources */ = {isa = PBXBuildFile; fileRef = 68F6248F7649FACA70715B0E /* CompareView.swift */; };
		5A19B2A52D3C4E2F9AA71234 /* ProfileOnboardingView.swift in Sources */ = {isa = PBXBuildFile; fileRef = 6B27C3B63D4E5F70AAB82345 /* ProfileOnboardingView.swift */; };
		5EACEA8C4E274CBCAAA7300B /* HelpView.swift in Sources */ = {isa = PBXBuildFile; fileRef = 31AC9660F6114E26A188D7AB /* HelpView.swift */; };
		60F29BA58AE7D80A67CA1F8C /* BikeCatalogRepository.swift in Sources */ = {isa = PBXBuildFile; fileRef = 550D44B23D5E107C8E6483E9 /* BikeCatalogRepository.swift */; };
		6684E8073C869D6C71858DE5 /* Retailer.swift in Sources */ = {isa = PBXBuildFile; fileRef = CC49C876EFA486E689C3B508 /* Retailer.swift */; };
		695DE209E460FB5A1EEC15E4 /* BrandComponents.swift in Sources */ = {isa = PBXBuildFile; fileRef = 5886424B109F6D609F796623 /* BrandComponents.swift */; };
		6AB54344E40694A831D612E4 /* CatalogFeatureFlags.swift in Sources */ = {isa = PBXBuildFile; fileRef = F13F014A7BEBBE919CE8397A /* CatalogFeatureFlags.swift */; };
		6D54B38A4F92F2F2B42F0B5A /* SizingView.swift in Sources */ = {isa = PBXBuildFile; fileRef = 984B34B0CB9455066F5F1ED0 /* SizingView.swift */; };
		88DB5D04B14165B3B9840EF5 /* AppState.swift in Sources */ = {isa = PBXBuildFile; fileRef = C1A14D715E2DE1F015B051F2 /* AppState.swift */; };
		8D080A10AE337BC0DCEF62AF /* Retailers.swift in Sources */ = {isa = PBXBuildFile; fileRef = 764F58CF1EFBD8330DAF73C8 /* Retailers.swift */; };
		8F81BC82DFFB6E6774295B50 /* ResultsView.swift in Sources */ = {isa = PBXBuildFile; fileRef = 6A6BA01AC724160456109A9E /* ResultsView.swift */; };
		97B0597E6E1131EF40444198 /* BikeCardView.swift in Sources */ = {isa = PBXBuildFile; fileRef = A014C5BE0F3046A8191134F6 /* BikeCardView.swift */; };
		A1F9C8AF0798A7AA7A05032A /* BikeDetailView.swift in Sources */ = {isa = PBXBuildFile; fileRef = B429254C12111076FC6667FB /* BikeDetailView.swift */; };
		A6A99D40859B34AE103CC27A /* BikeImages.swift in Sources */ = {isa = PBXBuildFile; fileRef = 97EF16DE5D73D6E472381804 /* BikeImages.swift */; };
		A7E41D1C6F9B4A3AA61C3B52 /* catalog.json in Resources */ = {isa = PBXBuildFile; fileRef = C8D3F59A7E4B42F2AF6A5F21 /* catalog.json */; };
		AE052CDB42CBC9B72723C9CA /* ContentView.swift in Sources */ = {isa = PBXBuildFile; fileRef = E84F06CD4F719E716043A8FE /* ContentView.swift */; };
		B442EE3EE9DF2E55B6471189 /* BikeFilterEngine.swift in Sources */ = {isa = PBXBuildFile; fileRef = ABDE6F551F7F5971FA8BDFB9 /* BikeFilterEngine.swift */; };
		C29D6A44450BB3E7EA5CB6A6 /* PublicJSONCatalogProvider.swift in Sources */ = {isa = PBXBuildFile; fileRef = A772E79393AEB20842620118 /* PublicJSONCatalogProvider.swift */; };
		CA0017FBDF682700E7578ABE /* StaticCatalogProvider.swift in Sources */ = {isa = PBXBuildFile; fileRef = A57F8531CF29C7991747C465 /* StaticCatalogProvider.swift */; };
		CB83F08F0B2151E5A030181C /* TripPlannerView.swift in Sources */ = {isa = PBXBuildFile; fileRef = 022ABDFB49A0CAC379C90AC8 /* TripPlannerView.swift */; };
		DA764EC3EED09F6AF3E2F266 /* RippersApp.swift in Sources */ = {isa = PBXBuildFile; fileRef = 8C31849E63E9D48179C98487 /* RippersApp.swift */; };
		DCA7187C3F1C84FD430F66F8 /* SplashView.swift in Sources */ = {isa = PBXBuildFile; fileRef = 65F6E62FDA0181DF5691EAF9 /* SplashView.swift */; };
		E006DDAD349697217933FC4C /* CatalogModels.swift in Sources */ = {isa = PBXBuildFile; fileRef = 93384C89FF82A4CF0ABFA305 /* CatalogModels.swift */; };
		E4A13B99369745A6B58D0F31 /* Assets.xcassets in Resources */ = {isa = PBXBuildFile; fileRef = 7D33D7C5C6544B8AAFC69EF2 /* Assets.xcassets */; };
		E50C3969C734F3DF267BCE2F /* BudgetView.swift in Sources */ = {isa = PBXBuildFile; fileRef = 02B40196D17C9E4F2032737A /* BudgetView.swift */; };
		E6B83D6266F219A6C1D95626 /* SearchView.swift in Sources */ = {isa = PBXBuildFile; fileRef = 811F5CE8839DA62294DDF9EE /* SearchView.swift */; };
		ED077C3B667F08632A3FFBC6 /* FilterState.swift in Sources */ = {isa = PBXBuildFile; fileRef = 9FB87E91502D43B218E1F1C8 /* FilterState.swift */; };
		F0BF8E56F03D4A181C90FD0E /* CatalogValidator.swift in Sources */ = {isa = PBXBuildFile; fileRef = E7C0F689CCF38A9ACAFE1E95 /* CatalogValidator.swift */; };
		F2B48A7AEF3A1CCC37C18FB5 /* BikeCatalogProvider.swift in Sources */ = {isa = PBXBuildFile; fileRef = 50E649D022F32F2C0AB51196 /* BikeCatalogProvider.swift */; };
		F326A7B5AD9A20D1E3CC4FD7 /* Foundation.framework in Frameworks */ = {isa = PBXBuildFile; fileRef = F2854DF9711430D99661C661 /* Foundation.framework */; };
		F48E629F2522284B2C44D519 /* RiderProfile.swift in Sources */ = {isa = PBXBuildFile; fileRef = CB4D9F4F4B9E6F5559C6C549 /* RiderProfile.swift */; };
		FDA7799698D6C0354DF6D251 /* WatchlistItem.swift in Sources */ = {isa = PBXBuildFile; fileRef = 8841B34A776AF2EAEADFE78D /* WatchlistItem.swift */; };
/* End PBXBuildFile section */

/* Begin PBXFileReference section */
		022ABDFB49A0CAC379C90AC8 /* TripPlannerView.swift */ = {isa = PBXFileReference; includeInIndex = 1; lastKnownFileType = sourcecode.swift; name = TripPlannerView.swift; path = TripPlanner/TripPlannerView.swift; sourceTree = "<group>"; };
		02B40196D17C9E4F2032737A /* BudgetView.swift */ = {isa = PBXFileReference; includeInIndex = 1; lastKnownFileType = sourcecode.swift; name = BudgetView.swift; path = Budget/BudgetView.swift; sourceTree = "<group>"; };
		03061AFA243E4429C924503B /* LiveSearchService.swift */ = {isa = PBXFileReference; includeInIndex = 1; lastKnownFileType = sourcecode.swift; name = LiveSearchService.swift; path = ../Rippers/Services/LiveSearchService.swift; sourceTree = "<group>"; };
		070DD36ADADA647D522EC66B /* Bikes.swift */ = {isa = PBXFileReference; includeInIndex = 1; lastKnownFileType = sourcecode.swift; name = Bikes.swift; path = Data/Bikes.swift; sourceTree = "<group>"; };
		1601D1975848B92F50D54847 /* BrandSystem.swift */ = {isa = PBXFileReference; includeInIndex = 1; lastKnownFileType = sourcecode.swift; name = BrandSystem.swift; path = Shared/BrandSystem.swift; sourceTree = "<group>"; };
		31AC9660F6114E26A188D7AB /* HelpView.swift */ = {isa = PBXFileReference; includeInIndex = 1; lastKnownFileType = sourcecode.swift; name = HelpView.swift; path = Help/HelpView.swift; sourceTree = "<group>"; };
		420F37138D9EA194590256B9 /* WatchlistView.swift */ = {isa = PBXFileReference; includeInIndex = 1; lastKnownFileType = sourcecode.swift; name = WatchlistView.swift; path = Watchlist/WatchlistView.swift; sourceTree = "<group>"; };
		4BD9C64243A74CE515733DF8 /* Theme.swift */ = {isa = PBXFileReference; includeInIndex = 1; lastKnownFileType = sourcecode.swift; name = Theme.swift; path = Shared/Theme.swift; sourceTree = "<group>"; };
		50E649D022F32F2C0AB51196 /* BikeCatalogProvider.swift */ = {isa = PBXFileReference; includeInIndex = 1; lastKnownFileType = sourcecode.swift; name = BikeCatalogProvider.swift; path = Catalog/BikeCatalogProvider.swift; sourceTree = "<group>"; };
		550D44B23D5E107C8E6483E9 /* BikeCatalogRepository.swift */ = {isa = PBXFileReference; includeInIndex = 1; lastKnownFileType = sourcecode.swift; name = BikeCatalogRepository.swift; path = Catalog/BikeCatalogRepository.swift; sourceTree = "<group>"; };
		5886424B109F6D609F796623 /* BrandComponents.swift */ = {isa = PBXFileReference; includeInIndex = 1; lastKnownFileType = sourcecode.swift; name = BrandComponents.swift; path = Shared/BrandComponents.swift; sourceTree = "<group>"; };
		65F6E62FDA0181DF5691EAF9 /* SplashView.swift */ = {isa = PBXFileReference; includeInIndex = 1; lastKnownFileType = sourcecode.swift; name = SplashView.swift; path = Shared/SplashView.swift; sourceTree = "<group>"; };
		68F6248F7649FACA70715B0E /* CompareView.swift */ = {isa = PBXFileReference; includeInIndex = 1; lastKnownFileType = sourcecode.swift; name = CompareView.swift; path = Compare/CompareView.swift; sourceTree = "<group>"; };
		6A6BA01AC724160456109A9E /* ResultsView.swift */ = {isa = PBXFileReference; includeInIndex = 1; lastKnownFileType = sourcecode.swift; name = ResultsView.swift; path = Results/ResultsView.swift; sourceTree = "<group>"; };
		6B27C3B63D4E5F70AAB82345 /* ProfileOnboardingView.swift */ = {isa = PBXFileReference; includeInIndex = 1; lastKnownFileType = sourcecode.swift; name = ProfileOnboardingView.swift; path = Onboarding/ProfileOnboardingView.swift; sourceTree = "<group>"; };
		6FB5AACA3DF1132B9ECEAABC /* Formatting.swift */ = {isa = PBXFileReference; includeInIndex = 1; lastKnownFileType = sourcecode.swift; name = Formatting.swift; path = Shared/Formatting.swift; sourceTree = "<group>"; };
		764F58CF1EFBD8330DAF73C8 /* Retailers.swift */ = {isa = PBXFileReference; includeInIndex = 1; lastKnownFileType = sourcecode.swift; name = Retailers.swift; path = Data/Retailers.swift; sourceTree = "<group>"; };
		7D33D7C5C6544B8AAFC69EF2 /* Assets.xcassets */ = {isa = PBXFileReference; lastKnownFileType = folder.assetcatalog; path = Assets.xcassets; sourceTree = "<group>"; };
		811F5CE8839DA62294DDF9EE /* SearchView.swift */ = {isa = PBXFileReference; includeInIndex = 1; lastKnownFileType = sourcecode.swift; name = SearchView.swift; path = Search/SearchView.swift; sourceTree = "<group>"; };
		8306BA7C276AC2FDC8BF3100 /* Rippers.app */ = {isa = PBXFileReference; explicitFileType = wrapper.application; includeInIndex = 0; path = Rippers.app; sourceTree = BUILT_PRODUCTS_DIR; };
		8841B34A776AF2EAEADFE78D /* WatchlistItem.swift */ = {isa = PBXFileReference; includeInIndex = 1; lastKnownFileType = sourcecode.swift; name = WatchlistItem.swift; path = Models/WatchlistItem.swift; sourceTree = "<group>"; };
		8C31849E63E9D48179C98487 /* RippersApp.swift */ = {isa = PBXFileReference; includeInIndex = 1; lastKnownFileType = sourcecode.swift; path = RippersApp.swift; sourceTree = "<group>"; };
		918BE1159149A8D708F6684C /* Quotes.swift */ = {isa = PBXFileReference; includeInIndex = 1; lastKnownFileType = sourcecode.swift; name = Quotes.swift; path = Data/Quotes.swift; sourceTree = "<group>"; };
		93384C89FF82A4CF0ABFA305 /* CatalogModels.swift */ = {isa = PBXFileReference; includeInIndex = 1; lastKnownFileType = sourcecode.swift; name = CatalogModels.swift; path = Catalog/CatalogModels.swift; sourceTree = "<group>"; };
		97EF16DE5D73D6E472381804 /* BikeImages.swift */ = {isa = PBXFileReference; includeInIndex = 1; lastKnownFileType = sourcecode.swift; name = BikeImages.swift; path = Data/BikeImages.swift; sourceTree = "<group>"; };
		984B34B0CB9455066F5F1ED0 /* SizingView.swift */ = {isa = PBXFileReference; includeInIndex = 1; lastKnownFileType = sourcecode.swift; name = SizingView.swift; path = Sizing/SizingView.swift; sourceTree = "<group>"; };
		9FB87E91502D43B218E1F1C8 /* FilterState.swift */ = {isa = PBXFileReference; includeInIndex = 1; lastKnownFileType = sourcecode.swift; name = FilterState.swift; path = Models/FilterState.swift; sourceTree = "<group>"; };
		A014C5BE0F3046A8191134F6 /* BikeCardView.swift */ = {isa = PBXFileReference; includeInIndex = 1; lastKnownFileType = sourcecode.swift; name = BikeCardView.swift; path = Shared/BikeCardView.swift; sourceTree = "<group>"; };
		A57F8531CF29C7991747C465 /* StaticCatalogProvider.swift */ = {isa = PBXFileReference; includeInIndex = 1; lastKnownFileType = sourcecode.swift; name = StaticCatalogProvider.swift; path = Catalog/Providers/StaticCatalogProvider.swift; sourceTree = "<group>"; };
		A772E79393AEB20842620118 /* PublicJSONCatalogProvider.swift */ = {isa = PBXFileReference; includeInIndex = 1; lastKnownFileType = sourcecode.swift; name = PublicJSONCatalogProvider.swift; path = Catalog/Providers/PublicJSONCatalogProvider.swift; sourceTree = "<group>"; };
		ABDE6F551F7F5971FA8BDFB9 /* BikeFilterEngine.swift */ = {isa = PBXFileReference; includeInIndex = 1; lastKnownFileType = sourcecode.swift; name = BikeFilterEngine.swift; path = Search/BikeFilterEngine.swift; sourceTree = "<group>"; };
		B429254C12111076FC6667FB /* BikeDetailView.swift */ = {isa = PBXFileReference; includeInIndex = 1; lastKnownFileType = sourcecode.swift; name = BikeDetailView.swift; path = Results/BikeDetailView.swift; sourceTree = "<group>"; };
		B4ABC49028EAB3DC318214D1 /* Bike.swift */ = {isa = PBXFileReference; includeInIndex = 1; lastKnownFileType = sourcecode.swift; name = Bike.swift; path = Models/Bike.swift; sourceTree = "<group>"; };
		C1A14D715E2DE1F015B051F2 /* AppState.swift */ = {isa = PBXFileReference; includeInIndex = 1; lastKnownFileType = sourcecode.swift; name = AppState.swift; path = Shared/AppState.swift; sourceTree = "<group>"; };
		C8D3F59A7E4B42F2AF6A5F21 /* catalog.json */ = {isa = PBXFileReference; includeInIndex = 1; lastKnownFileType = text.json; path = catalog.json; sourceTree = "<group>"; };
		CB4D9F4F4B9E6F5559C6C549 /* RiderProfile.swift */ = {isa = PBXFileReference; includeInIndex = 1; lastKnownFileType = sourcecode.swift; name = RiderProfile.swift; path = Models/RiderProfile.swift; sourceTree = "<group>"; };
		CC49C876EFA486E689C3B508 /* Retailer.swift */ = {isa = PBXFileReference; includeInIndex = 1; lastKnownFileType = sourcecode.swift; name = Retailer.swift; path = Models/Retailer.swift; sourceTree = "<group>"; };
		D66BFFF3AB03CC766B6DA0F6 /* PublicCatalogSources.swift */ = {isa = PBXFileReference; includeInIndex = 1; lastKnownFileType = sourcecode.swift; name = PublicCatalogSources.swift; path = Data/PublicCatalogSources.swift; sourceTree = "<group>"; };
		E7C0F689CCF38A9ACAFE1E95 /* CatalogValidator.swift */ = {isa = PBXFileReference; includeInIndex = 1; lastKnownFileType = sourcecode.swift; name = CatalogValidator.swift; path = Catalog/CatalogValidator.swift; sourceTree = "<group>"; };
		E84F06CD4F719E716043A8FE /* ContentView.swift */ = {isa = PBXFileReference; includeInIndex = 1; lastKnownFileType = sourcecode.swift; path = ContentView.swift; sourceTree = "<group>"; };
		F13F014A7BEBBE919CE8397A /* CatalogFeatureFlags.swift */ = {isa = PBXFileReference; includeInIndex = 1; lastKnownFileType = sourcecode.swift; name = CatalogFeatureFlags.swift; path = Catalog/CatalogFeatureFlags.swift; sourceTree = "<group>"; };
		F2854DF9711430D99661C661 /* Foundation.framework */ = {isa = PBXFileReference; lastKnownFileType = wrapper.framework; name = Foundation.framework; path = Platforms/iPhoneOS.platform/Developer/SDKs/iPhoneOS18.0.sdk/System/Library/Frameworks/Foundation.framework; sourceTree = DEVELOPER_DIR; };
/* End PBXFileReference section */

/* Begin PBXFrameworksBuildPhase section */
		5CFBAC5F5FC106DA1F3DA250 /* Frameworks */ = {
			isa = PBXFrameworksBuildPhase;
			buildActionMask = 2147483647;
			files = (
				F326A7B5AD9A20D1E3CC4FD7 /* Foundation.framework in Frameworks */,
			);
			runOnlyForDeploymentPostprocessing = 0;
		};
/* End PBXFrameworksBuildPhase section */

/* Begin PBXGroup section */
		1DB7F1D305E11E94B93AEFA9 /* iOS */ = {
			isa = PBXGroup;
			children = (
				F2854DF9711430D99661C661 /* Foundation.framework */,
			);
			name = iOS;
			sourceTree = "<group>";
		};
		69869BE2102618DC8D4773C0 /* Rippers */ = {
			isa = PBXGroup;
			children = (
				02B40196D17C9E4F2032737A /* BudgetView.swift */,
				50E649D022F32F2C0AB51196 /* BikeCatalogProvider.swift */,
				550D44B23D5E107C8E6483E9 /* BikeCatalogRepository.swift */,
				F13F014A7BEBBE919CE8397A /* CatalogFeatureFlags.swift */,
				93384C89FF82A4CF0ABFA305 /* CatalogModels.swift */,
				E7C0F689CCF38A9ACAFE1E95 /* CatalogValidator.swift */,
				A772E79393AEB20842620118 /* PublicJSONCatalogProvider.swift */,
				A57F8531CF29C7991747C465 /* StaticCatalogProvider.swift */,
				68F6248F7649FACA70715B0E /* CompareView.swift */,
				E84F06CD4F719E716043A8FE /* ContentView.swift */,
				31AC9660F6114E26A188D7AB /* HelpView.swift */,
				97EF16DE5D73D6E472381804 /* BikeImages.swift */,
				070DD36ADADA647D522EC66B /* Bikes.swift */,
				D66BFFF3AB03CC766B6DA0F6 /* PublicCatalogSources.swift */,
				918BE1159149A8D708F6684C /* Quotes.swift */,
				764F58CF1EFBD8330DAF73C8 /* Retailers.swift */,
				B4ABC49028EAB3DC318214D1 /* Bike.swift */,
				9FB87E91502D43B218E1F1C8 /* FilterState.swift */,
				CC49C876EFA486E689C3B508 /* Retailer.swift */,
				CB4D9F4F4B9E6F5559C6C549 /* RiderProfile.swift */,
				8841B34A776AF2EAEADFE78D /* WatchlistItem.swift */,
				B429254C12111076FC6667FB /* BikeDetailView.swift */,
				6A6BA01AC724160456109A9E /* ResultsView.swift */,
				8C31849E63E9D48179C98487 /* RippersApp.swift */,
				ABDE6F551F7F5971FA8BDFB9 /* BikeFilterEngine.swift */,
				811F5CE8839DA62294DDF9EE /* SearchView.swift */,
				7D33D7C5C6544B8AAFC69EF2 /* Assets.xcassets */,
				C1A14D715E2DE1F015B051F2 /* AppState.swift */,
				A014C5BE0F3046A8191134F6 /* BikeCardView.swift */,
				5886424B109F6D609F796623 /* BrandComponents.swift */,
				1601D1975848B92F50D54847 /* BrandSystem.swift */,
				6FB5AACA3DF1132B9ECEAABC /* Formatting.swift */,
				65F6E62FDA0181DF5691EAF9 /* SplashView.swift */,
				4BD9C64243A74CE515733DF8 /* Theme.swift */,
				984B34B0CB9455066F5F1ED0 /* SizingView.swift */,
				022ABDFB49A0CAC379C90AC8 /* TripPlannerView.swift */,
				420F37138D9EA194590256B9 /* WatchlistView.swift */,
				6B27C3B63D4E5F70AAB82345 /* ProfileOnboardingView.swift */,
				C8D3F59A7E4B42F2AF6A5F21 /* catalog.json */,
			);
			path = Rippers;
			sourceTree = "<group>";
		};
		CD4A30AD778DC2F20A269245 /* Frameworks */ = {
			isa = PBXGroup;
			children = (
				1DB7F1D305E11E94B93AEFA9 /* iOS */,
			);
			name = Frameworks;
			sourceTree = "<group>";
		};
		D9E17BFC90EB01EC6CF3D56D /* Services */ = {
			isa = PBXGroup;
			children = (
				03061AFA243E4429C924503B /* LiveSearchService.swift */,
			);
			path = Services;
			sourceTree = "<group>";
		};
		F2C45CE7E133505055CB786E /* Products */ = {
			isa = PBXGroup;
			children = (
				8306BA7C276AC2FDC8BF3100 /* Rippers.app */,
			);
			name = Products;
			sourceTree = "<group>";
		};
		F9006E013B9E4FE6B349810B = {
			isa = PBXGroup;
			children = (
				F2C45CE7E133505055CB786E /* Products */,
				CD4A30AD778DC2F20A269245 /* Frameworks */,
				69869BE2102618DC8D4773C0 /* Rippers */,
				D9E17BFC90EB01EC6CF3D56D /* Services */,
			);
			sourceTree = "<group>";
		};
/* End PBXGroup section */

/* Begin PBXNativeTarget section */
		B8E2D43C08F6CC1FF3EB4BDD /* Rippers */ = {
			isa = PBXNativeTarget;
			buildConfigurationList = 3A266BEA87C1D01978043F1E /* Build configuration list for PBXNativeTarget "Rippers" */;
			buildPhases = (
				CABCCBBB40B7DAC01EE9FA9C /* Sources */,
				5CFBAC5F5FC106DA1F3DA250 /* Frameworks */,
				0D8A018A0A4BEBA0753879B9 /* Resources */,
			);
			buildRules = (
			);
			dependencies = (
			);
			name = Rippers;
			productName = Rippers;
			productReference = 8306BA7C276AC2FDC8BF3100 /* Rippers.app */;
			productType = "com.apple.product-type.application";
		};
/* End PBXNativeTarget section */

/* Begin PBXProject section */
		9CCC4EC143B7FE1C67F38353 /* Project object */ = {
			isa = PBXProject;
			attributes = {
				BuildIndependentTargetsInParallel = YES;
				LastSwiftUpdateCheck = 1600;
				LastUpgradeCheck = 2640;
			};
			buildConfigurationList = FCC30C8035C571C77345A95A /* Build configuration list for PBXProject "Rippers" */;
			compatibilityVersion = "Xcode 3.2";
			developmentRegion = en;
			hasScannedForEncodings = 0;
			knownRegions = (
				en,
				Base,
			);
			mainGroup = F9006E013B9E4FE6B349810B;
			productRefGroup = F2C45CE7E133505055CB786E /* Products */;
			projectDirPath = "";
			projectRoot = "";
			targets = (
				B8E2D43C08F6CC1FF3EB4BDD /* Rippers */,
			);
		};
/* End PBXProject section */

/* Begin PBXResourcesBuildPhase section */
		0D8A018A0A4BEBA0753879B9 /* Resources */ = {
			isa = PBXResourcesBuildPhase;
			buildActionMask = 2147483647;
			files = (
				A7E41D1C6F9B4A3AA61C3B52 /* catalog.json in Resources */,
				E4A13B99369745A6B58D0F31 /* Assets.xcassets in Resources */,
			);
			runOnlyForDeploymentPostprocessing = 0;
		};
/* End PBXResourcesBuildPhase section */

/* Begin PBXSourcesBuildPhase section */
		CABCCBBB40B7DAC01EE9FA9C /* Sources */ = {
			isa = PBXSourcesBuildPhase;
			buildActionMask = 2147483647;
			files = (
				E50C3969C734F3DF267BCE2F /* BudgetView.swift in Sources */,
				F2B48A7AEF3A1CCC37C18FB5 /* BikeCatalogProvider.swift in Sources */,
				60F29BA58AE7D80A67CA1F8C /* BikeCatalogRepository.swift in Sources */,
				6AB54344E40694A831D612E4 /* CatalogFeatureFlags.swift in Sources */,
				E006DDAD349697217933FC4C /* CatalogModels.swift in Sources */,
				F0BF8E56F03D4A181C90FD0E /* CatalogValidator.swift in Sources */,
				C29D6A44450BB3E7EA5CB6A6 /* PublicJSONCatalogProvider.swift in Sources */,
				CA0017FBDF682700E7578ABE /* StaticCatalogProvider.swift in Sources */,
				3970AC4EC8A7A7030381BA90 /* CompareView.swift in Sources */,
				AE052CDB42CBC9B72723C9CA /* ContentView.swift in Sources */,
				A6A99D40859B34AE103CC27A /* BikeImages.swift in Sources */,
				1003BFBC4B6D91426EE2A8DD /* Bikes.swift in Sources */,
				238AB2EBE4DC35B5E504D98D /* PublicCatalogSources.swift in Sources */,
				32DEA35AA4A1740FB50CADAC /* Quotes.swift in Sources */,
				8D080A10AE337BC0DCEF62AF /* Retailers.swift in Sources */,
				2694611799DDBFAA6628FD25 /* Bike.swift in Sources */,
				ED077C3B667F08632A3FFBC6 /* FilterState.swift in Sources */,
				6684E8073C869D6C71858DE5 /* Retailer.swift in Sources */,
				F48E629F2522284B2C44D519 /* RiderProfile.swift in Sources */,
				FDA7799698D6C0354DF6D251 /* WatchlistItem.swift in Sources */,
				A1F9C8AF0798A7AA7A05032A /* BikeDetailView.swift in Sources */,
				8F81BC82DFFB6E6774295B50 /* ResultsView.swift in Sources */,
				DA764EC3EED09F6AF3E2F266 /* RippersApp.swift in Sources */,
				B442EE3EE9DF2E55B6471189 /* BikeFilterEngine.swift in Sources */,
				E6B83D6266F219A6C1D95626 /* SearchView.swift in Sources */,
				88DB5D04B14165B3B9840EF5 /* AppState.swift in Sources */,
				97B0597E6E1131EF40444198 /* BikeCardView.swift in Sources */,
				695DE209E460FB5A1EEC15E4 /* BrandComponents.swift in Sources */,
				13CEA440DA35BFF0F427F346 /* BrandSystem.swift in Sources */,
				29673111539BA895C8AAFE02 /* Formatting.swift in Sources */,
				DCA7187C3F1C84FD430F66F8 /* SplashView.swift in Sources */,
				2B34DDA7BAB636912BCA36F2 /* Theme.swift in Sources */,
				6D54B38A4F92F2F2B42F0B5A /* SizingView.swift in Sources */,
				CB83F08F0B2151E5A030181C /* TripPlannerView.swift in Sources */,
				00D400C3A2162F85B8DE9AAF /* WatchlistView.swift in Sources */,
				5A19B2A52D3C4E2F9AA71234 /* ProfileOnboardingView.swift in Sources */,
				5EACEA8C4E274CBCAAA7300B /* HelpView.swift in Sources */,
				0929A720BDBCB1A0EC0B9804 /* LiveSearchService.swift in Sources */,
			);
			runOnlyForDeploymentPostprocessing = 0;
		};
/* End PBXSourcesBuildPhase section */

/* Begin XCBuildConfiguration section */
		01DC72C8B87530BB2EB836A7 /* Debug */ = {
			isa = XCBuildConfiguration;
			buildSettings = {
				ALWAYS_SEARCH_USER_PATHS = NO;
				CLANG_ANALYZER_NONNULL = YES;
				CLANG_ANALYZER_NUMBER_OBJECT_CONVERSION = YES_AGGRESSIVE;
				CLANG_CXX_LANGUAGE_STANDARD = "gnu++14";
				CLANG_CXX_LIBRARY = "libc++";
				CLANG_ENABLE_MODULES = YES;
				CLANG_ENABLE_OBJC_ARC = YES;
				CLANG_ENABLE_OBJC_WEAK = YES;
				CLANG_WARN_BLOCK_CAPTURE_AUTORELEASING = YES;
				CLANG_WARN_BOOL_CONVERSION = YES;
				CLANG_WARN_COMMA = YES;
				CLANG_WARN_CONSTANT_CONVERSION = YES;
				CLANG_WARN_DEPRECATED_OBJC_IMPLEMENTATIONS = YES;
				CLANG_WARN_DIRECT_OBJC_ISA_USAGE = YES_ERROR;
				CLANG_WARN_DOCUMENTATION_COMMENTS = YES;
				CLANG_WARN_EMPTY_BODY = YES;
				CLANG_WARN_ENUM_CONVERSION = YES;
				CLANG_WARN_INFINITE_RECURSION = YES;
				CLANG_WARN_INT_CONVERSION = YES;
				CLANG_WARN_NON_LITERAL_NULL_CONVERSION = YES;
				CLANG_WARN_OBJC_IMPLICIT_RETAIN_SELF = YES;
				CLANG_WARN_OBJC_LITERAL_CONVERSION = YES;
				CLANG_WARN_OBJC_ROOT_CLASS = YES_ERROR;
				CLANG_WARN_QUOTED_INCLUDE_IN_FRAMEWORK_HEADER = YES;
				CLANG_WARN_RANGE_LOOP_ANALYSIS = YES;
				CLANG_WARN_STRICT_PROTOTYPES = YES;
				CLANG_WARN_SUSPICIOUS_MOVE = YES;
				CLANG_WARN_UNGUARDED_AVAILABILITY = YES_AGGRESSIVE;
				CLANG_WARN_UNREACHABLE_CODE = YES;
				CLANG_WARN__DUPLICATE_METHOD_MATCH = YES;
				COPY_PHASE_STRIP = NO;
				DEAD_CODE_STRIPPING = YES;
				DEBUG_INFORMATION_FORMAT = dwarf;
				DEVELOPMENT_TEAM = UFZRNHJYBW;
				ENABLE_STRICT_OBJC_MSGSEND = YES;
				ENABLE_TESTABILITY = YES;
				ENABLE_USER_SCRIPT_SANDBOXING = YES;
				GCC_C_LANGUAGE_STANDARD = gnu11;
				GCC_DYNAMIC_NO_PIC = NO;
				GCC_NO_COMMON_BLOCKS = YES;
				GCC_OPTIMIZATION_LEVEL = 0;
				GCC_PREPROCESSOR_DEFINITIONS = (
					"DEBUG=1",
					"$(inherited)",
				);
				GCC_WARN_64_TO_32_BIT_CONVERSION = YES;
				GCC_WARN_ABOUT_RETURN_TYPE = YES_ERROR;
				GCC_WARN_UNDECLARED_SELECTOR = YES;
				GCC_WARN_UNINITIALIZED_AUTOS = YES_AGGRESSIVE;
				GCC_WARN_UNUSED_FUNCTION = YES;
				GCC_WARN_UNUSED_VARIABLE = YES;
				MTL_ENABLE_DEBUG_INFO = INCLUDE_SOURCE;
				MTL_FAST_MATH = YES;
				ONLY_ACTIVE_ARCH = YES;
				PRODUCT_NAME = "$(TARGET_NAME)";
				STRING_CATALOG_GENERATE_SYMBOLS = YES;
				SWIFT_ACTIVE_COMPILATION_CONDITIONS = DEBUG;
				SWIFT_OPTIMIZATION_LEVEL = "-Onone";
				SWIFT_VERSION = 5.0;
			};
			name = Debug;
		};
		2616DBC30182F616A63B8DE2 /* Release */ = {
			isa = XCBuildConfiguration;
			buildSettings = {
				ASSETCATALOG_COMPILER_APPICON_NAME = AppIcon;
				ASSETCATALOG_COMPILER_GLOBAL_ACCENT_COLOR_NAME = AccentColor;
				CLANG_ENABLE_OBJC_WEAK = NO;
				DEVELOPMENT_TEAM = UFZRNHJYBW;
				GENERATE_INFOPLIST_FILE = YES;
				INFOPLIST_KEY_UIApplicationSceneManifest_Generation = YES;
				INFOPLIST_KEY_UIApplicationSupportsIndirectInputEvents = YES;
				INFOPLIST_KEY_UILaunchScreen_Generation = YES;
				INFOPLIST_KEY_UIRequiresFullScreen = YES;
				INFOPLIST_KEY_UISupportedInterfaceOrientations_iPad = "UIInterfaceOrientationPortrait UIInterfaceOrientationPortraitUpsideDown UIInterfaceOrientationLandscapeLeft UIInterfaceOrientationLandscapeRight";
				INFOPLIST_KEY_UISupportedInterfaceOrientations_iPhone = "UIInterfaceOrientationPortrait UIInterfaceOrientationLandscapeLeft UIInterfaceOrientationLandscapeRight";
				IPHONEOS_DEPLOYMENT_TARGET = 17.0;
				LD_RUNPATH_SEARCH_PATHS = (
					"$(inherited)",
					"@executable_path/Frameworks",
				);
				PRODUCT_BUNDLE_IDENTIFIER = com.punchitpedalboards.rippers;
				SDKROOT = iphoneos;
				SWIFT_VERSION = 5.0;
				TARGETED_DEVICE_FAMILY = "1,2";
				VALIDATE_PRODUCT = YES;
			};
			name = Release;
		};
		4B4923DA25E12557A876E496 /* Release */ = {
			isa = XCBuildConfiguration;
			buildSettings = {
				ALWAYS_SEARCH_USER_PATHS = NO;
				CLANG_ANALYZER_NONNULL = YES;
				CLANG_ANALYZER_NUMBER_OBJECT_CONVERSION = YES_AGGRESSIVE;
				CLANG_CXX_LANGUAGE_STANDARD = "gnu++14";
				CLANG_CXX_LIBRARY = "libc++";
				CLANG_ENABLE_MODULES = YES;
				CLANG_ENABLE_OBJC_ARC = YES;
				CLANG_ENABLE_OBJC_WEAK = YES;
				CLANG_WARN_BLOCK_CAPTURE_AUTORELEASING = YES;
				CLANG_WARN_BOOL_CONVERSION = YES;
				CLANG_WARN_COMMA = YES;
				CLANG_WARN_CONSTANT_CONVERSION = YES;
				CLANG_WARN_DEPRECATED_OBJC_IMPLEMENTATIONS = YES;
				CLANG_WARN_DIRECT_OBJC_ISA_USAGE = YES_ERROR;
				CLANG_WARN_DOCUMENTATION_COMMENTS = YES;
				CLANG_WARN_EMPTY_BODY = YES;
				CLANG_WARN_ENUM_CONVERSION = YES;
				CLANG_WARN_INFINITE_RECURSION = YES;
				CLANG_WARN_INT_CONVERSION = YES;
				CLANG_WARN_NON_LITERAL_NULL_CONVERSION = YES;
				CLANG_WARN_OBJC_IMPLICIT_RETAIN_SELF = YES;
				CLANG_WARN_OBJC_LITERAL_CONVERSION = YES;
				CLANG_WARN_OBJC_ROOT_CLASS = YES_ERROR;
				CLANG_WARN_QUOTED_INCLUDE_IN_FRAMEWORK_HEADER = YES;
				CLANG_WARN_RANGE_LOOP_ANALYSIS = YES;
				CLANG_WARN_STRICT_PROTOTYPES = YES;
				CLANG_WARN_SUSPICIOUS_MOVE = YES;
				CLANG_WARN_UNGUARDED_AVAILABILITY = YES_AGGRESSIVE;
				CLANG_WARN_UNREACHABLE_CODE = YES;
				CLANG_WARN__DUPLICATE_METHOD_MATCH = YES;
				COPY_PHASE_STRIP = NO;
				DEAD_CODE_STRIPPING = YES;
				DEBUG_INFORMATION_FORMAT = "dwarf-with-dsym";
				DEVELOPMENT_TEAM = UFZRNHJYBW;
				ENABLE_NS_ASSERTIONS = NO;
				ENABLE_STRICT_OBJC_MSGSEND = YES;
				ENABLE_USER_SCRIPT_SANDBOXING = YES;
				GCC_C_LANGUAGE_STANDARD = gnu11;
				GCC_NO_COMMON_BLOCKS = YES;
				GCC_WARN_64_TO_32_BIT_CONVERSION = YES;
				GCC_WARN_ABOUT_RETURN_TYPE = YES_ERROR;
				GCC_WARN_UNDECLARED_SELECTOR = YES;
				GCC_WARN_UNINITIALIZED_AUTOS = YES_AGGRESSIVE;
				GCC_WARN_UNUSED_FUNCTION = YES;
				GCC_WARN_UNUSED_VARIABLE = YES;
				MTL_ENABLE_DEBUG_INFO = NO;
				MTL_FAST_MATH = YES;
				PRODUCT_NAME = "$(TARGET_NAME)";
				STRING_CATALOG_GENERATE_SYMBOLS = YES;
				SWIFT_COMPILATION_MODE = wholemodule;
				SWIFT_OPTIMIZATION_LEVEL = "-O";
				SWIFT_VERSION = 5.0;
			};
			name = Release;
		};
		547F857C1C06066064F15077 /* Debug */ = {
			isa = XCBuildConfiguration;
			buildSettings = {
				ASSETCATALOG_COMPILER_APPICON_NAME = AppIcon;
				ASSETCATALOG_COMPILER_GLOBAL_ACCENT_COLOR_NAME = AccentColor;
				CLANG_ENABLE_OBJC_WEAK = NO;
				DEVELOPMENT_TEAM = UFZRNHJYBW;
				GENERATE_INFOPLIST_FILE = YES;
				INFOPLIST_KEY_UIApplicationSceneManifest_Generation = YES;
				INFOPLIST_KEY_UIApplicationSupportsIndirectInputEvents = YES;
				INFOPLIST_KEY_UILaunchScreen_Generation = YES;
				INFOPLIST_KEY_UIRequiresFullScreen = YES;
				INFOPLIST_KEY_UISupportedInterfaceOrientations_iPad = "UIInterfaceOrientationPortrait UIInterfaceOrientationPortraitUpsideDown UIInterfaceOrientationLandscapeLeft UIInterfaceOrientationLandscapeRight";
				INFOPLIST_KEY_UISupportedInterfaceOrientations_iPhone = "UIInterfaceOrientationPortrait UIInterfaceOrientationLandscapeLeft UIInterfaceOrientationLandscapeRight";
				IPHONEOS_DEPLOYMENT_TARGET = 17.0;
				LD_RUNPATH_SEARCH_PATHS = (
					"$(inherited)",
					"@executable_path/Frameworks",
				);
				PRODUCT_BUNDLE_IDENTIFIER = com.punchitpedalboards.rippers;
				SDKROOT = iphoneos;
				SWIFT_VERSION = 5.0;
				TARGETED_DEVICE_FAMILY = "1,2";
			};
			name = Debug;
		};
/* End XCBuildConfiguration section */

/* Begin XCConfigurationList section */
		3A266BEA87C1D01978043F1E /* Build configuration list for PBXNativeTarget "Rippers" */ = {
			isa = XCConfigurationList;
			buildConfigurations = (
				2616DBC30182F616A63B8DE2 /* Release */,
				547F857C1C06066064F15077 /* Debug */,
			);
			defaultConfigurationIsVisible = 0;
			defaultConfigurationName = Release;
		};
		FCC30C8035C571C77345A95A /* Build configuration list for PBXProject "Rippers" */ = {
			isa = XCConfigurationList;
			buildConfigurations = (
				01DC72C8B87530BB2EB836A7 /* Debug */,
				4B4923DA25E12557A876E496 /* Release */,
			);
			defaultConfigurationIsVisible = 0;
			defaultConfigurationName = Release;
		};
/* End XCConfigurationList section */
	};
	rootObject = 9CCC4EC143B7FE1C67F38353 /* Project object */;
}
